
Microsoft Visual Studio Solution File, Format Version 12.00
# Visual Studio Version 17
VisualStudioVersion = 17.11.35327.3
MinimumVisualStudioVersion = 10.0.40219.1
Project("{FAE04EC0-301F-11D3-BF4B-00C04F79EFBC}") = "Library Otomation", "Library Otomation.csproj", "{99040E83-BDD8-428B-A572-F20FC84506D1}"
EndProject
Global
	GlobalSection(SolutionConfigurationPlatforms) = preSolution
		Debug|Any CPU = Debug|Any CPU
		Release|Any CPU = Release|Any CPU
	EndGlobalSection
	GlobalSection(ProjectConfigurationPlatforms) = postSolution
		{99040E83-BDD8-428B-A572-F20FC84506D1}.Debug|Any CPU.ActiveCfg = Debug|Any CPU
		{99040E83-BDD8-428B-A572-F20FC84506D1}.Debug|Any CPU.Build.0 = Debug|Any CPU
		{99040E83-BDD8-428B-A572-F20FC84506D1}.Release|Any CPU.ActiveCfg = Release|Any CPU
		{99040E83-BDD8-428B-A572-F20FC84506D1}.Release|Any CPU.Build.0 = Release|Any CPU
	EndGlobalSection
	GlobalSection(SolutionProperties) = preSolution
		HideSolutionNode = FALSE
	EndGlobalSection
	GlobalSection(ExtensibilityGlobals) = postSolution
		SolutionGuid = {DF0089EA-8987-4DB3-BD76-861B1288E8EF}
	EndGlobalSection
EndGlobal
